
Microsoft Visual Studio Solution File, Format Version 12.00
# Visual Studio Version 16
VisualStudioVersion = 16.0.29503.13
MinimumVisualStudioVersion = 10.0.40219.1
Project("{FAE04EC0-301F-11D3-BF4B-00C04F79EFBC}") = "Controller", "Controller\Controller.csproj", "{CEB375EA-93F5-447E-964C-1B7CAF99FEA6}"
EndProject
Project("{FAE04EC0-301F-11D3-BF4B-00C04F79EFBC}") = "Model", "Model\Model.csproj", "{805B99B8-C817-4C87-8AEE-6C77817831EA}"
EndProject
Project("{FAE04EC0-301F-11D3-BF4B-00C04F79EFBC}") = "View", "View\View.csproj", "{416C125F-4826-49BD-BCD3-9C35C2037494}"
EndProject
Project("{FAE04EC0-301F-11D3-BF4B-00C04F79EFBC}") = "LodeRunnerForms", "LodeRunnerForms\LodeRunnerForms.csproj", "{1E15CE7B-851C-4E57-BE14-63A0DA22EAD8}"
EndProject
Global
	GlobalSection(SolutionConfigurationPlatforms) = preSolution
		Debug|Any CPU = Debug|Any CPU
		Release|Any CPU = Release|Any CPU
	EndGlobalSection
	GlobalSection(ProjectConfigurationPlatforms) = postSolution
		{CEB375EA-93F5-447E-964C-1B7CAF99FEA6}.Debug|Any CPU.ActiveCfg = Debug|Any CPU
		{CEB375EA-93F5-447E-964C-1B7CAF99FEA6}.Debug|Any CPU.Build.0 = Debug|Any CPU
		{CEB375EA-93F5-447E-964C-1B7CAF99FEA6}.Release|Any CPU.ActiveCfg = Release|Any CPU
		{CEB375EA-93F5-447E-964C-1B7CAF99FEA6}.Release|Any CPU.Build.0 = Release|Any CPU
		{805B99B8-C817-4C87-8AEE-6C77817831EA}.Debug|Any CPU.ActiveCfg = Debug|Any CPU
		{805B99B8-C817-4C87-8AEE-6C77817831EA}.Debug|Any CPU.Build.0 = Debug|Any CPU
		{805B99B8-C817-4C87-8AEE-6C77817831EA}.Release|Any CPU.ActiveCfg = Release|Any CPU
		{805B99B8-C817-4C87-8AEE-6C77817831EA}.Release|Any CPU.Build.0 = Release|Any CPU
		{416C125F-4826-49BD-BCD3-9C35C2037494}.Debug|Any CPU.ActiveCfg = Debug|Any CPU
		{416C125F-4826-49BD-BCD3-9C35C2037494}.Debug|Any CPU.Build.0 = Debug|Any CPU
		{416C125F-4826-49BD-BCD3-9C35C2037494}.Release|Any CPU.ActiveCfg = Release|Any CPU
		{416C125F-4826-49BD-BCD3-9C35C2037494}.Release|Any CPU.Build.0 = Release|Any CPU
		{1E15CE7B-851C-4E57-BE14-63A0DA22EAD8}.Debug|Any CPU.ActiveCfg = Debug|Any CPU
		{1E15CE7B-851C-4E57-BE14-63A0DA22EAD8}.Debug|Any CPU.Build.0 = Debug|Any CPU
		{1E15CE7B-851C-4E57-BE14-63A0DA22EAD8}.Release|Any CPU.ActiveCfg = Release|Any CPU
		{1E15CE7B-851C-4E57-BE14-63A0DA22EAD8}.Release|Any CPU.Build.0 = Release|Any CPU
	EndGlobalSection
	GlobalSection(SolutionProperties) = preSolution
		HideSolutionNode = FALSE
	EndGlobalSection
	GlobalSection(ExtensibilityGlobals) = postSolution
		SolutionGuid = {82A68415-9DAA-4A8B-B4A6-D0B8943A8B6B}
	EndGlobalSection
EndGlobal
